
Microsoft Visual Studio Solution File, Format Version 12.00
# Visual Studio Version 16
VisualStudioVersion = 16.0.30011.22
MinimumVisualStudioVersion = 10.0.40219.1
Project("{FAE04EC0-301F-11D3-BF4B-00C04F79EFBC}") = "WindowsGrep", "WindowsGrep\WindowsGrep.csproj", "{7A91084C-811A-41DC-B32C-5B813780FC6E}"
EndProject
Project("{930C7802-8A8C-48F9-8165-68863BCCD9DD}") = "WindowsGrep.Setup", "WindowsGrep.Setup\WindowsGrep.Setup.wixproj", "{A48323C9-046D-40F4-97B5-20C9A249E1E3}"
EndProject
Global
	GlobalSection(SolutionConfigurationPlatforms) = preSolution
		Debug|Any CPU = Debug|Any CPU
		Debug|x86 = Debug|x86
		Release|Any CPU = Release|Any CPU
		Release|x86 = Release|x86
	EndGlobalSection
	GlobalSection(ProjectConfigurationPlatforms) = postSolution
		{7A91084C-811A-41DC-B32C-5B813780FC6E}.Debug|Any CPU.ActiveCfg = Debug|Any CPU
		{7A91084C-811A-41DC-B32C-5B813780FC6E}.Debug|Any CPU.Build.0 = Debug|Any CPU
		{7A91084C-811A-41DC-B32C-5B813780FC6E}.Debug|x86.ActiveCfg = Debug|Any CPU
		{7A91084C-811A-41DC-B32C-5B813780FC6E}.Debug|x86.Build.0 = Debug|Any CPU
		{7A91084C-811A-41DC-B32C-5B813780FC6E}.Release|Any CPU.ActiveCfg = Release|Any CPU
		{7A91084C-811A-41DC-B32C-5B813780FC6E}.Release|Any CPU.Build.0 = Release|Any CPU
		{7A91084C-811A-41DC-B32C-5B813780FC6E}.Release|x86.ActiveCfg = Release|Any CPU
		{7A91084C-811A-41DC-B32C-5B813780FC6E}.Release|x86.Build.0 = Release|Any CPU
		{A48323C9-046D-40F4-97B5-20C9A249E1E3}.Debug|Any CPU.ActiveCfg = Debug|x86
		{A48323C9-046D-40F4-97B5-20C9A249E1E3}.Debug|x86.ActiveCfg = Debug|x86
		{A48323C9-046D-40F4-97B5-20C9A249E1E3}.Debug|x86.Build.0 = Debug|x86
		{A48323C9-046D-40F4-97B5-20C9A249E1E3}.Release|Any CPU.ActiveCfg = Release|x86
		{A48323C9-046D-40F4-97B5-20C9A249E1E3}.Release|x86.ActiveCfg = Release|x86
		{A48323C9-046D-40F4-97B5-20C9A249E1E3}.Release|x86.Build.0 = Release|x86
	EndGlobalSection
	GlobalSection(SolutionProperties) = preSolution
		HideSolutionNode = FALSE
	EndGlobalSection
	GlobalSection(ExtensibilityGlobals) = postSolution
		SolutionGuid = {7E9E3C9D-EE26-42EF-B2DC-129DF5190F6C}
	EndGlobalSection
EndGlobal
