
Microsoft Visual Studio Solution File, Format Version 12.00
# Visual Studio Version 17
VisualStudioVersion = 17.6.33723.286
MinimumVisualStudioVersion = 10.0.40219.1
Project("{9A19103F-16F7-4668-BE54-9A1E7A4F7556}") = "WindowsGrep", "WindowsGrep\WindowsGrep.csproj", "{7A91084C-811A-41DC-B32C-5B813780FC6E}"
	ProjectSection(ProjectDependencies) = postProject
		{73291BEC-A1C4-446F-BB99-1340927759CB} = {73291BEC-A1C4-446F-BB99-1340927759CB}
	EndProjectSection
EndProject
Project("{930C7802-8A8C-48F9-8165-68863BCCD9DD}") = "WindowsGrep.Setup", "WindowsGrep.Setup\WindowsGrep.Setup.wixproj", "{A48323C9-046D-40F4-97B5-20C9A249E1E3}"
EndProject
Project("{9A19103F-16F7-4668-BE54-9A1E7A4F7556}") = "WindowsGrep.Common", "WindowsGrep.Common\WindowsGrep.Common.csproj", "{73291BEC-A1C4-446F-BB99-1340927759CB}"
EndProject
Project("{9A19103F-16F7-4668-BE54-9A1E7A4F7556}") = "WindowsGrep.Core", "WindowsGrep.Core\WindowsGrep.Core.csproj", "{9BB4A7A2-3C94-4127-B3B0-A3450CAB28B0}"
	ProjectSection(ProjectDependencies) = postProject
		{73291BEC-A1C4-446F-BB99-1340927759CB} = {73291BEC-A1C4-446F-BB99-1340927759CB}
	EndProjectSection
EndProject
Project("{FAE04EC0-301F-11D3-BF4B-00C04F79EFBC}") = "WindowsGrep.Test", "WindowsGrep.Test\WindowsGrep.Test.csproj", "{48409468-F00F-489A-ABAC-C616EC7CF910}"
EndProject
Global
	GlobalSection(SolutionConfigurationPlatforms) = preSolution
		Debug|Any CPU = Debug|Any CPU
		Debug|ARM64 = Debug|ARM64
		Release_ARM|Any CPU = Release_ARM|Any CPU
		Release_ARM|ARM64 = Release_ARM|ARM64
		Release|Any CPU = Release|Any CPU
		Release|ARM64 = Release|ARM64
	EndGlobalSection
	GlobalSection(ProjectConfigurationPlatforms) = postSolution
		{7A91084C-811A-41DC-B32C-5B813780FC6E}.Debug|Any CPU.ActiveCfg = Debug|Any CPU
		{7A91084C-811A-41DC-B32C-5B813780FC6E}.Debug|Any CPU.Build.0 = Debug|Any CPU
		{7A91084C-811A-41DC-B32C-5B813780FC6E}.Debug|ARM64.ActiveCfg = Debug|ARM64
		{7A91084C-811A-41DC-B32C-5B813780FC6E}.Debug|ARM64.Build.0 = Debug|ARM64
		{7A91084C-811A-41DC-B32C-5B813780FC6E}.Release_ARM|Any CPU.ActiveCfg = Release_ARM|Any CPU
		{7A91084C-811A-41DC-B32C-5B813780FC6E}.Release_ARM|Any CPU.Build.0 = Release_ARM|Any CPU
		{7A91084C-811A-41DC-B32C-5B813780FC6E}.Release_ARM|ARM64.ActiveCfg = Release_ARM|ARM64
		{7A91084C-811A-41DC-B32C-5B813780FC6E}.Release_ARM|ARM64.Build.0 = Release_ARM|ARM64
		{7A91084C-811A-41DC-B32C-5B813780FC6E}.Release|Any CPU.ActiveCfg = Release|Any CPU
		{7A91084C-811A-41DC-B32C-5B813780FC6E}.Release|Any CPU.Build.0 = Release|Any CPU
		{7A91084C-811A-41DC-B32C-5B813780FC6E}.Release|ARM64.ActiveCfg = Release|ARM64
		{7A91084C-811A-41DC-B32C-5B813780FC6E}.Release|ARM64.Build.0 = Release|ARM64
		{A48323C9-046D-40F4-97B5-20C9A249E1E3}.Debug|Any CPU.ActiveCfg = Debug|x86
		{A48323C9-046D-40F4-97B5-20C9A249E1E3}.Debug|ARM64.ActiveCfg = Debug|x86
		{A48323C9-046D-40F4-97B5-20C9A249E1E3}.Debug|ARM64.Build.0 = Debug|x86
		{A48323C9-046D-40F4-97B5-20C9A249E1E3}.Release_ARM|Any CPU.ActiveCfg = Release|x86
		{A48323C9-046D-40F4-97B5-20C9A249E1E3}.Release_ARM|ARM64.ActiveCfg = Release|x86
		{A48323C9-046D-40F4-97B5-20C9A249E1E3}.Release|Any CPU.ActiveCfg = Release|x86
		{A48323C9-046D-40F4-97B5-20C9A249E1E3}.Release|ARM64.ActiveCfg = Release|x86
		{A48323C9-046D-40F4-97B5-20C9A249E1E3}.Release|ARM64.Build.0 = Release|x86
		{73291BEC-A1C4-446F-BB99-1340927759CB}.Debug|Any CPU.ActiveCfg = Debug|Any CPU
		{73291BEC-A1C4-446F-BB99-1340927759CB}.Debug|Any CPU.Build.0 = Debug|Any CPU
		{73291BEC-A1C4-446F-BB99-1340927759CB}.Debug|ARM64.ActiveCfg = Debug|ARM64
		{73291BEC-A1C4-446F-BB99-1340927759CB}.Debug|ARM64.Build.0 = Debug|ARM64
		{73291BEC-A1C4-446F-BB99-1340927759CB}.Release_ARM|Any CPU.ActiveCfg = Release_ARM|Any CPU
		{73291BEC-A1C4-446F-BB99-1340927759CB}.Release_ARM|Any CPU.Build.0 = Release_ARM|Any CPU
		{73291BEC-A1C4-446F-BB99-1340927759CB}.Release_ARM|ARM64.ActiveCfg = Release_ARM|ARM64
		{73291BEC-A1C4-446F-BB99-1340927759CB}.Release_ARM|ARM64.Build.0 = Release_ARM|ARM64
		{73291BEC-A1C4-446F-BB99-1340927759CB}.Release|Any CPU.ActiveCfg = Release|Any CPU
		{73291BEC-A1C4-446F-BB99-1340927759CB}.Release|Any CPU.Build.0 = Release|Any CPU
		{73291BEC-A1C4-446F-BB99-1340927759CB}.Release|ARM64.ActiveCfg = Release|ARM64
		{73291BEC-A1C4-446F-BB99-1340927759CB}.Release|ARM64.Build.0 = Release|ARM64
		{9BB4A7A2-3C94-4127-B3B0-A3450CAB28B0}.Debug|Any CPU.ActiveCfg = Debug|Any CPU
		{9BB4A7A2-3C94-4127-B3B0-A3450CAB28B0}.Debug|Any CPU.Build.0 = Debug|Any CPU
		{9BB4A7A2-3C94-4127-B3B0-A3450CAB28B0}.Debug|ARM64.ActiveCfg = Debug|ARM64
		{9BB4A7A2-3C94-4127-B3B0-A3450CAB28B0}.Debug|ARM64.Build.0 = Debug|ARM64
		{9BB4A7A2-3C94-4127-B3B0-A3450CAB28B0}.Release_ARM|Any CPU.ActiveCfg = Release_ARM|Any CPU
		{9BB4A7A2-3C94-4127-B3B0-A3450CAB28B0}.Release_ARM|Any CPU.Build.0 = Release_ARM|Any CPU
		{9BB4A7A2-3C94-4127-B3B0-A3450CAB28B0}.Release_ARM|ARM64.ActiveCfg = Release_ARM|ARM64
		{9BB4A7A2-3C94-4127-B3B0-A3450CAB28B0}.Release_ARM|ARM64.Build.0 = Release_ARM|ARM64
		{9BB4A7A2-3C94-4127-B3B0-A3450CAB28B0}.Release|Any CPU.ActiveCfg = Release|Any CPU
		{9BB4A7A2-3C94-4127-B3B0-A3450CAB28B0}.Release|Any CPU.Build.0 = Release|Any CPU
		{9BB4A7A2-3C94-4127-B3B0-A3450CAB28B0}.Release|ARM64.ActiveCfg = Release|ARM64
		{9BB4A7A2-3C94-4127-B3B0-A3450CAB28B0}.Release|ARM64.Build.0 = Release|ARM64
		{48409468-F00F-489A-ABAC-C616EC7CF910}.Debug|Any CPU.ActiveCfg = Debug|Any CPU
		{48409468-F00F-489A-ABAC-C616EC7CF910}.Debug|Any CPU.Build.0 = Debug|Any CPU
		{48409468-F00F-489A-ABAC-C616EC7CF910}.Debug|ARM64.ActiveCfg = Debug|Any CPU
		{48409468-F00F-489A-ABAC-C616EC7CF910}.Debug|ARM64.Build.0 = Debug|Any CPU
		{48409468-F00F-489A-ABAC-C616EC7CF910}.Release_ARM|Any CPU.ActiveCfg = Release|Any CPU
		{48409468-F00F-489A-ABAC-C616EC7CF910}.Release_ARM|Any CPU.Build.0 = Release|Any CPU
		{48409468-F00F-489A-ABAC-C616EC7CF910}.Release_ARM|ARM64.ActiveCfg = Release|Any CPU
		{48409468-F00F-489A-ABAC-C616EC7CF910}.Release_ARM|ARM64.Build.0 = Release|Any CPU
		{48409468-F00F-489A-ABAC-C616EC7CF910}.Release|Any CPU.ActiveCfg = Release|Any CPU
		{48409468-F00F-489A-ABAC-C616EC7CF910}.Release|Any CPU.Build.0 = Release|Any CPU
		{48409468-F00F-489A-ABAC-C616EC7CF910}.Release|ARM64.ActiveCfg = Release|Any CPU
		{48409468-F00F-489A-ABAC-C616EC7CF910}.Release|ARM64.Build.0 = Release|Any CPU
	EndGlobalSection
	GlobalSection(SolutionProperties) = preSolution
		HideSolutionNode = FALSE
	EndGlobalSection
	GlobalSection(ExtensibilityGlobals) = postSolution
		SolutionGuid = {7E9E3C9D-EE26-42EF-B2DC-129DF5190F6C}
	EndGlobalSection
EndGlobal
