
Microsoft Visual Studio Solution File, Format Version 12.00
# Visual Studio Version 16
VisualStudioVersion = 16.0.29613.14
MinimumVisualStudioVersion = 10.0.40219.1
Project("{FAE04EC0-301F-11D3-BF4B-00C04F79EFBC}") = "GrepForWindows", "GrepForWindows\GrepForWindows.csproj", "{872B21E3-40CE-4B5A-8771-F6F34E990B58}"
EndProject
Global
	GlobalSection(SolutionConfigurationPlatforms) = preSolution
		Debug|Any CPU = Debug|Any CPU
		Release|Any CPU = Release|Any CPU
	EndGlobalSection
	GlobalSection(ProjectConfigurationPlatforms) = postSolution
		{872B21E3-40CE-4B5A-8771-F6F34E990B58}.Debug|Any CPU.ActiveCfg = Debug|Any CPU
		{872B21E3-40CE-4B5A-8771-F6F34E990B58}.Debug|Any CPU.Build.0 = Debug|Any CPU
		{872B21E3-40CE-4B5A-8771-F6F34E990B58}.Release|Any CPU.ActiveCfg = Release|Any CPU
		{872B21E3-40CE-4B5A-8771-F6F34E990B58}.Release|Any CPU.Build.0 = Release|Any CPU
	EndGlobalSection
	GlobalSection(SolutionProperties) = preSolution
		HideSolutionNode = FALSE
	EndGlobalSection
	GlobalSection(ExtensibilityGlobals) = postSolution
		SolutionGuid = {7A3C79F1-1541-4902-893E-FF88325ABD30}
	EndGlobalSection
EndGlobal
