
Microsoft Visual Studio Solution File, Format Version 12.00
# Visual Studio Version 16
VisualStudioVersion = 16.0.29613.14
MinimumVisualStudioVersion = 10.0.40219.1
Project("{FAE04EC0-301F-11D3-BF4B-00C04F79EFBC}") = "GrepForWindows", "GrepForWindows\GrepForWindows.csproj", "{9D09B831-89D8-4E02-AD47-3957989C7967}"
EndProject
Project("{930C7802-8A8C-48F9-8165-68863BCCD9DD}") = "GrepForWindows.Setup", "GrepForWindows.Setup\GrepForWindows.Setup.wixproj", "{3EA8C83B-D6A6-4DE8-BE22-4009B4C7D4CC}"
EndProject
Global
	GlobalSection(SolutionConfigurationPlatforms) = preSolution
		Debug|Any CPU = Debug|Any CPU
		Debug|x86 = Debug|x86
		Release|Any CPU = Release|Any CPU
		Release|x86 = Release|x86
	EndGlobalSection
	GlobalSection(ProjectConfigurationPlatforms) = postSolution
		{9D09B831-89D8-4E02-AD47-3957989C7967}.Debug|Any CPU.ActiveCfg = Debug|Any CPU
		{9D09B831-89D8-4E02-AD47-3957989C7967}.Debug|Any CPU.Build.0 = Debug|Any CPU
		{9D09B831-89D8-4E02-AD47-3957989C7967}.Debug|x86.ActiveCfg = Debug|Any CPU
		{9D09B831-89D8-4E02-AD47-3957989C7967}.Debug|x86.Build.0 = Debug|Any CPU
		{9D09B831-89D8-4E02-AD47-3957989C7967}.Release|Any CPU.ActiveCfg = Release|Any CPU
		{9D09B831-89D8-4E02-AD47-3957989C7967}.Release|Any CPU.Build.0 = Release|Any CPU
		{9D09B831-89D8-4E02-AD47-3957989C7967}.Release|x86.ActiveCfg = Release|Any CPU
		{9D09B831-89D8-4E02-AD47-3957989C7967}.Release|x86.Build.0 = Release|Any CPU
		{3EA8C83B-D6A6-4DE8-BE22-4009B4C7D4CC}.Debug|Any CPU.ActiveCfg = Debug|x86
		{3EA8C83B-D6A6-4DE8-BE22-4009B4C7D4CC}.Debug|x86.ActiveCfg = Debug|x86
		{3EA8C83B-D6A6-4DE8-BE22-4009B4C7D4CC}.Debug|x86.Build.0 = Debug|x86
		{3EA8C83B-D6A6-4DE8-BE22-4009B4C7D4CC}.Release|Any CPU.ActiveCfg = Release|x86
		{3EA8C83B-D6A6-4DE8-BE22-4009B4C7D4CC}.Release|x86.ActiveCfg = Release|x86
		{3EA8C83B-D6A6-4DE8-BE22-4009B4C7D4CC}.Release|x86.Build.0 = Release|x86
	EndGlobalSection
	GlobalSection(SolutionProperties) = preSolution
		HideSolutionNode = FALSE
	EndGlobalSection
	GlobalSection(ExtensibilityGlobals) = postSolution
		SolutionGuid = {43521DC8-21FD-4FAF-838E-60F0D6FB4C1A}
	EndGlobalSection
EndGlobal
